
Microsoft Visual Studio Solution File, Format Version 12.00
# Visual Studio Version 16
VisualStudioVersion = 16.0.31702.278
MinimumVisualStudioVersion = 10.0.40219.1
Project("{9A19103F-16F7-4668-BE54-9A1E7A4F7556}") = "FizzBuzz", "FizzBuzz\FizzBuzz.csproj", "{86276FC3-C99A-4E3E-8C90-D8B93876AD96}"
EndProject
Project("{9A19103F-16F7-4668-BE54-9A1E7A4F7556}") = "FizzBuzz.Test", "FizzBuzz.Test\FizzBuzz.Test.csproj", "{8BD4BA36-D3E5-4A80-B57D-8622241C7E69}"
EndProject
Project("{2150E333-8FDC-42A3-9474-1A3956D46DE8}") = "01.FizzBuzzSample", "01.FizzBuzzSample", "{A20ED695-C38F-47CF-BCFF-DED481554BA9}"
EndProject
Project("{2150E333-8FDC-42A3-9474-1A3956D46DE8}") = "02.XmlNinjaSample", "02.XmlNinjaSample", "{7D3278E0-7570-41E7-8837-3AF1E551BD85}"
EndProject
Project("{FAE04EC0-301F-11D3-BF4B-00C04F79EFBC}") = "XmlNinja", "XmlNinja\XmlNinja.csproj", "{AA4EF263-D8E5-44A0-BDFC-1E38B80324DA}"
EndProject
Project("{FAE04EC0-301F-11D3-BF4B-00C04F79EFBC}") = "XmlNinja.Test", "XmlNinja.Test\XmlNinja.Test.csproj", "{6E795EF7-0078-45EC-B51D-FB1E5092FD2D}"
EndProject
Project("{2150E333-8FDC-42A3-9474-1A3956D46DE8}") = "03.AuctionManagementSample", "03.AuctionManagementSample", "{CA0DBDD3-0A5F-4ABD-96F2-52138E5AB006}"
EndProject
Project("{FAE04EC0-301F-11D3-BF4B-00C04F79EFBC}") = "AuctionManagement", "AuctionManagement\AuctionManagement.csproj", "{832C35F2-49F2-447F-B47F-BE50B60E4DCF}"
EndProject
Project("{FAE04EC0-301F-11D3-BF4B-00C04F79EFBC}") = "AuctionManagementTest", "AuctionManagementTest\AuctionManagementTest.csproj", "{6DC06E1B-72A6-406F-B887-C39BEB0B331F}"
EndProject
Global
	GlobalSection(SolutionConfigurationPlatforms) = preSolution
		Debug|Any CPU = Debug|Any CPU
		Release|Any CPU = Release|Any CPU
	EndGlobalSection
	GlobalSection(ProjectConfigurationPlatforms) = postSolution
		{86276FC3-C99A-4E3E-8C90-D8B93876AD96}.Debug|Any CPU.ActiveCfg = Debug|Any CPU
		{86276FC3-C99A-4E3E-8C90-D8B93876AD96}.Debug|Any CPU.Build.0 = Debug|Any CPU
		{86276FC3-C99A-4E3E-8C90-D8B93876AD96}.Release|Any CPU.ActiveCfg = Release|Any CPU
		{86276FC3-C99A-4E3E-8C90-D8B93876AD96}.Release|Any CPU.Build.0 = Release|Any CPU
		{8BD4BA36-D3E5-4A80-B57D-8622241C7E69}.Debug|Any CPU.ActiveCfg = Debug|Any CPU
		{8BD4BA36-D3E5-4A80-B57D-8622241C7E69}.Debug|Any CPU.Build.0 = Debug|Any CPU
		{8BD4BA36-D3E5-4A80-B57D-8622241C7E69}.Release|Any CPU.ActiveCfg = Release|Any CPU
		{8BD4BA36-D3E5-4A80-B57D-8622241C7E69}.Release|Any CPU.Build.0 = Release|Any CPU
		{AA4EF263-D8E5-44A0-BDFC-1E38B80324DA}.Debug|Any CPU.ActiveCfg = Debug|Any CPU
		{AA4EF263-D8E5-44A0-BDFC-1E38B80324DA}.Debug|Any CPU.Build.0 = Debug|Any CPU
		{AA4EF263-D8E5-44A0-BDFC-1E38B80324DA}.Release|Any CPU.ActiveCfg = Release|Any CPU
		{AA4EF263-D8E5-44A0-BDFC-1E38B80324DA}.Release|Any CPU.Build.0 = Release|Any CPU
		{6E795EF7-0078-45EC-B51D-FB1E5092FD2D}.Debug|Any CPU.ActiveCfg = Debug|Any CPU
		{6E795EF7-0078-45EC-B51D-FB1E5092FD2D}.Debug|Any CPU.Build.0 = Debug|Any CPU
		{6E795EF7-0078-45EC-B51D-FB1E5092FD2D}.Release|Any CPU.ActiveCfg = Release|Any CPU
		{6E795EF7-0078-45EC-B51D-FB1E5092FD2D}.Release|Any CPU.Build.0 = Release|Any CPU
		{832C35F2-49F2-447F-B47F-BE50B60E4DCF}.Debug|Any CPU.ActiveCfg = Debug|Any CPU
		{832C35F2-49F2-447F-B47F-BE50B60E4DCF}.Debug|Any CPU.Build.0 = Debug|Any CPU
		{832C35F2-49F2-447F-B47F-BE50B60E4DCF}.Release|Any CPU.ActiveCfg = Release|Any CPU
		{832C35F2-49F2-447F-B47F-BE50B60E4DCF}.Release|Any CPU.Build.0 = Release|Any CPU
		{6DC06E1B-72A6-406F-B887-C39BEB0B331F}.Debug|Any CPU.ActiveCfg = Debug|Any CPU
		{6DC06E1B-72A6-406F-B887-C39BEB0B331F}.Debug|Any CPU.Build.0 = Debug|Any CPU
		{6DC06E1B-72A6-406F-B887-C39BEB0B331F}.Release|Any CPU.ActiveCfg = Release|Any CPU
		{6DC06E1B-72A6-406F-B887-C39BEB0B331F}.Release|Any CPU.Build.0 = Release|Any CPU
	EndGlobalSection
	GlobalSection(SolutionProperties) = preSolution
		HideSolutionNode = FALSE
	EndGlobalSection
	GlobalSection(NestedProjects) = preSolution
		{86276FC3-C99A-4E3E-8C90-D8B93876AD96} = {A20ED695-C38F-47CF-BCFF-DED481554BA9}
		{8BD4BA36-D3E5-4A80-B57D-8622241C7E69} = {A20ED695-C38F-47CF-BCFF-DED481554BA9}
		{AA4EF263-D8E5-44A0-BDFC-1E38B80324DA} = {7D3278E0-7570-41E7-8837-3AF1E551BD85}
		{6E795EF7-0078-45EC-B51D-FB1E5092FD2D} = {7D3278E0-7570-41E7-8837-3AF1E551BD85}
		{832C35F2-49F2-447F-B47F-BE50B60E4DCF} = {CA0DBDD3-0A5F-4ABD-96F2-52138E5AB006}
		{6DC06E1B-72A6-406F-B887-C39BEB0B331F} = {CA0DBDD3-0A5F-4ABD-96F2-52138E5AB006}
	EndGlobalSection
	GlobalSection(ExtensibilityGlobals) = postSolution
		SolutionGuid = {6675DF90-9FDF-460A-B8A1-B3DC80B0F33F}
	EndGlobalSection
EndGlobal
