
Microsoft Visual Studio Solution File, Format Version 12.00
# Visual Studio Version 16
VisualStudioVersion = 16.0.31702.278
MinimumVisualStudioVersion = 10.0.40219.1
Project("{FAE04EC0-301F-11D3-BF4B-00C04F79EFBC}") = "FizzBuzz", "FizzBuzz\FizzBuzz.csproj", "{86276FC3-C99A-4E3E-8C90-D8B93876AD96}"
EndProject
Project("{FAE04EC0-301F-11D3-BF4B-00C04F79EFBC}") = "FizzBuzz.Test", "FizzBuzz.Test\FizzBuzz.Test.csproj", "{8BD4BA36-D3E5-4A80-B57D-8622241C7E69}"
EndProject
Global
	GlobalSection(SolutionConfigurationPlatforms) = preSolution
		Debug|Any CPU = Debug|Any CPU
		Release|Any CPU = Release|Any CPU
	EndGlobalSection
	GlobalSection(ProjectConfigurationPlatforms) = postSolution
		{86276FC3-C99A-4E3E-8C90-D8B93876AD96}.Debug|Any CPU.ActiveCfg = Debug|Any CPU
		{86276FC3-C99A-4E3E-8C90-D8B93876AD96}.Debug|Any CPU.Build.0 = Debug|Any CPU
		{86276FC3-C99A-4E3E-8C90-D8B93876AD96}.Release|Any CPU.ActiveCfg = Release|Any CPU
		{86276FC3-C99A-4E3E-8C90-D8B93876AD96}.Release|Any CPU.Build.0 = Release|Any CPU
		{8BD4BA36-D3E5-4A80-B57D-8622241C7E69}.Debug|Any CPU.ActiveCfg = Debug|Any CPU
		{8BD4BA36-D3E5-4A80-B57D-8622241C7E69}.Debug|Any CPU.Build.0 = Debug|Any CPU
		{8BD4BA36-D3E5-4A80-B57D-8622241C7E69}.Release|Any CPU.ActiveCfg = Release|Any CPU
		{8BD4BA36-D3E5-4A80-B57D-8622241C7E69}.Release|Any CPU.Build.0 = Release|Any CPU
	EndGlobalSection
	GlobalSection(SolutionProperties) = preSolution
		HideSolutionNode = FALSE
	EndGlobalSection
	GlobalSection(ExtensibilityGlobals) = postSolution
		SolutionGuid = {6675DF90-9FDF-460A-B8A1-B3DC80B0F33F}
	EndGlobalSection
EndGlobal
