
Microsoft Visual Studio Solution File, Format Version 12.00
# Visual Studio Version 16
VisualStudioVersion = 16.0.31702.278
MinimumVisualStudioVersion = 10.0.40219.1
Project("{9A19103F-16F7-4668-BE54-9A1E7A4F7556}") = "FizzBuzz", "FizzBuzz\FizzBuzz.csproj", "{86276FC3-C99A-4E3E-8C90-D8B93876AD96}"
EndProject
Project("{9A19103F-16F7-4668-BE54-9A1E7A4F7556}") = "FizzBuzz.Test", "FizzBuzz.Test\FizzBuzz.Test.csproj", "{8BD4BA36-D3E5-4A80-B57D-8622241C7E69}"
EndProject
Project("{2150E333-8FDC-42A3-9474-1A3956D46DE8}") = "01.FizzBuzzSample", "01.FizzBuzzSample", "{A20ED695-C38F-47CF-BCFF-DED481554BA9}"
EndProject
Project("{2150E333-8FDC-42A3-9474-1A3956D46DE8}") = "02.XmlNinjaSample", "02.XmlNinjaSample", "{7D3278E0-7570-41E7-8837-3AF1E551BD85}"
EndProject
Project("{9A19103F-16F7-4668-BE54-9A1E7A4F7556}") = "XmlNinja", "XmlNinja\XmlNinja.csproj", "{AA4EF263-D8E5-44A0-BDFC-1E38B80324DA}"
EndProject
Project("{9A19103F-16F7-4668-BE54-9A1E7A4F7556}") = "XmlNinja.Test", "XmlNinja.Test\XmlNinja.Test.csproj", "{6E795EF7-0078-45EC-B51D-FB1E5092FD2D}"
EndProject
Project("{2150E333-8FDC-42A3-9474-1A3956D46DE8}") = "03.AuctionManagementSample", "03.AuctionManagementSample", "{CA0DBDD3-0A5F-4ABD-96F2-52138E5AB006}"
EndProject
Project("{9A19103F-16F7-4668-BE54-9A1E7A4F7556}") = "AuctionManagement", "AuctionManagement\AuctionManagement.csproj", "{832C35F2-49F2-447F-B47F-BE50B60E4DCF}"
EndProject
Project("{9A19103F-16F7-4668-BE54-9A1E7A4F7556}") = "AuctionManagement.Test", "AuctionManagement.Test\AuctionManagement.Test.csproj", "{18DED3A2-0CA5-4683-99E1-6C7593708097}"
EndProject
Project("{2150E333-8FDC-42A3-9474-1A3956D46DE8}") = "04.UnitOfMeasureSample", "04.UnitOfMeasureSample", "{00DFC5AB-92D6-46A4-BBF4-05362D299BAF}"
EndProject
Project("{9A19103F-16F7-4668-BE54-9A1E7A4F7556}") = "UOM.Domain", "UOM.Domain\UOM.Domain.csproj", "{39E3EB5C-5408-4135-9C11-27157B887E57}"
EndProject
Project("{9A19103F-16F7-4668-BE54-9A1E7A4F7556}") = "UOM.Domain.Test.Unit", "UOM.Domain.Test.Unit\UOM.Domain.Test.Unit.csproj", "{9A165D22-9355-496E-8FDE-CEF58C65E4A8}"
EndProject
Project("{2150E333-8FDC-42A3-9474-1A3956D46DE8}") = "05.TestDouble", "05.TestDouble", "{794C351E-8552-459E-B306-38D0D942AD6D}"
EndProject
Project("{9A19103F-16F7-4668-BE54-9A1E7A4F7556}") = "TestDoubleSample", "TestDoubleSample\TestDoubleSample.csproj", "{3E850716-0E8C-4EE4-A895-6AE7EAA8CA70}"
EndProject
Project("{9A19103F-16F7-4668-BE54-9A1E7A4F7556}") = "TestDoubleSample.Test", "TestDoubleSample.Test\TestDoubleSample.Test.csproj", "{8DD44179-DA8A-4C97-ADEC-7F2623F34493}"
EndProject
Project("{2150E333-8FDC-42A3-9474-1A3956D46DE8}") = "Domain", "Domain", "{F3CA9B9A-9D87-43CC-BCB8-AABAA4B3767F}"
EndProject
Project("{2150E333-8FDC-42A3-9474-1A3956D46DE8}") = "Test", "Test", "{3B6460B1-04E7-471E-856F-7B37ECB23B32}"
EndProject
Project("{2150E333-8FDC-42A3-9474-1A3956D46DE8}") = "Application", "Application", "{B7461F83-2D6E-4863-A24E-8AC32EBFA062}"
EndProject
Project("{9A19103F-16F7-4668-BE54-9A1E7A4F7556}") = "UOM.Application", "UOM.Application\UOM.Application.csproj", "{B6EBCE12-AD4F-4F76-9227-514C0916D2C1}"
EndProject
Project("{9A19103F-16F7-4668-BE54-9A1E7A4F7556}") = "UOM.Application.Test.Unit", "UOM.Application.Test.Unit\UOM.Application.Test.Unit.csproj", "{E41EC3A5-B937-48B4-9DDC-31AEAEFA5155}"
EndProject
Project("{2150E333-8FDC-42A3-9474-1A3956D46DE8}") = "Infrastructure", "Infrastructure", "{361C9ADD-6EAF-4085-90B0-8F3DDEEE8AB2}"
EndProject
Project("{9A19103F-16F7-4668-BE54-9A1E7A4F7556}") = "UOM.Persistence.EF", "UOM.Persistence.EF\UOM.Persistence.EF.csproj", "{BCA9BA05-7FE3-44FB-8099-57EF576C3CC3}"
EndProject
Project("{2150E333-8FDC-42A3-9474-1A3956D46DE8}") = "Unit", "Unit", "{6847FD4C-FC4D-47A5-BCEE-9DA613ACA13E}"
EndProject
Project("{2150E333-8FDC-42A3-9474-1A3956D46DE8}") = "Integration", "Integration", "{BF61A2E6-1A98-46A6-A032-B00E9216E51A}"
EndProject
Project("{9A19103F-16F7-4668-BE54-9A1E7A4F7556}") = "UOM.Application.Test.Integration", "UOM.Application.Test.Integration\UOM.Application.Test.Integration.csproj", "{DF396596-6598-45CE-8D70-48A239A4C331}"
EndProject
Project("{2150E333-8FDC-42A3-9474-1A3956D46DE8}") = "Gateways", "Gateways", "{8C90BF6A-F0E2-4969-BBC4-99173B9CE105}"
EndProject
Project("{9A19103F-16F7-4668-BE54-9A1E7A4F7556}") = "UOM.RestApi", "UOM.RestApi\UOM.RestApi.csproj", "{A041844A-4700-4DB7-AAF5-7AC9D4AAA97B}"
EndProject
Project("{2150E333-8FDC-42A3-9474-1A3956D46DE8}") = "06.UISample", "06.UISample", "{EC095999-A918-4CF9-A8F9-4916E94A38DB}"
EndProject
Project("{9A19103F-16F7-4668-BE54-9A1E7A4F7556}") = "UISample", "UISample\UISample.csproj", "{D6184413-3B67-4BB0-A770-E03D8791E2A9}"
EndProject
Project("{2150E333-8FDC-42A3-9474-1A3956D46DE8}") = "07.ValueTransformation", "07.ValueTransformation", "{0476CF5B-6F6D-4A57-A68F-CA27B0C7BD2A}"
EndProject
Project("{FAE04EC0-301F-11D3-BF4B-00C04F79EFBC}") = "ValueTransformation", "ValueTransformation\ValueTransformation.csproj", "{624B827C-9D10-4218-BB18-99014BEE63E3}"
EndProject
Global
	GlobalSection(SolutionConfigurationPlatforms) = preSolution
		Debug|Any CPU = Debug|Any CPU
		Release|Any CPU = Release|Any CPU
	EndGlobalSection
	GlobalSection(ProjectConfigurationPlatforms) = postSolution
		{86276FC3-C99A-4E3E-8C90-D8B93876AD96}.Debug|Any CPU.ActiveCfg = Debug|Any CPU
		{86276FC3-C99A-4E3E-8C90-D8B93876AD96}.Debug|Any CPU.Build.0 = Debug|Any CPU
		{86276FC3-C99A-4E3E-8C90-D8B93876AD96}.Release|Any CPU.ActiveCfg = Release|Any CPU
		{86276FC3-C99A-4E3E-8C90-D8B93876AD96}.Release|Any CPU.Build.0 = Release|Any CPU
		{8BD4BA36-D3E5-4A80-B57D-8622241C7E69}.Debug|Any CPU.ActiveCfg = Debug|Any CPU
		{8BD4BA36-D3E5-4A80-B57D-8622241C7E69}.Debug|Any CPU.Build.0 = Debug|Any CPU
		{8BD4BA36-D3E5-4A80-B57D-8622241C7E69}.Release|Any CPU.ActiveCfg = Release|Any CPU
		{8BD4BA36-D3E5-4A80-B57D-8622241C7E69}.Release|Any CPU.Build.0 = Release|Any CPU
		{AA4EF263-D8E5-44A0-BDFC-1E38B80324DA}.Debug|Any CPU.ActiveCfg = Debug|Any CPU
		{AA4EF263-D8E5-44A0-BDFC-1E38B80324DA}.Debug|Any CPU.Build.0 = Debug|Any CPU
		{AA4EF263-D8E5-44A0-BDFC-1E38B80324DA}.Release|Any CPU.ActiveCfg = Release|Any CPU
		{AA4EF263-D8E5-44A0-BDFC-1E38B80324DA}.Release|Any CPU.Build.0 = Release|Any CPU
		{6E795EF7-0078-45EC-B51D-FB1E5092FD2D}.Debug|Any CPU.ActiveCfg = Debug|Any CPU
		{6E795EF7-0078-45EC-B51D-FB1E5092FD2D}.Debug|Any CPU.Build.0 = Debug|Any CPU
		{6E795EF7-0078-45EC-B51D-FB1E5092FD2D}.Release|Any CPU.ActiveCfg = Release|Any CPU
		{6E795EF7-0078-45EC-B51D-FB1E5092FD2D}.Release|Any CPU.Build.0 = Release|Any CPU
		{832C35F2-49F2-447F-B47F-BE50B60E4DCF}.Debug|Any CPU.ActiveCfg = Debug|Any CPU
		{832C35F2-49F2-447F-B47F-BE50B60E4DCF}.Debug|Any CPU.Build.0 = Debug|Any CPU
		{832C35F2-49F2-447F-B47F-BE50B60E4DCF}.Release|Any CPU.ActiveCfg = Release|Any CPU
		{832C35F2-49F2-447F-B47F-BE50B60E4DCF}.Release|Any CPU.Build.0 = Release|Any CPU
		{18DED3A2-0CA5-4683-99E1-6C7593708097}.Debug|Any CPU.ActiveCfg = Debug|Any CPU
		{18DED3A2-0CA5-4683-99E1-6C7593708097}.Debug|Any CPU.Build.0 = Debug|Any CPU
		{18DED3A2-0CA5-4683-99E1-6C7593708097}.Release|Any CPU.ActiveCfg = Release|Any CPU
		{18DED3A2-0CA5-4683-99E1-6C7593708097}.Release|Any CPU.Build.0 = Release|Any CPU
		{39E3EB5C-5408-4135-9C11-27157B887E57}.Debug|Any CPU.ActiveCfg = Debug|Any CPU
		{39E3EB5C-5408-4135-9C11-27157B887E57}.Debug|Any CPU.Build.0 = Debug|Any CPU
		{39E3EB5C-5408-4135-9C11-27157B887E57}.Release|Any CPU.ActiveCfg = Release|Any CPU
		{39E3EB5C-5408-4135-9C11-27157B887E57}.Release|Any CPU.Build.0 = Release|Any CPU
		{9A165D22-9355-496E-8FDE-CEF58C65E4A8}.Debug|Any CPU.ActiveCfg = Debug|Any CPU
		{9A165D22-9355-496E-8FDE-CEF58C65E4A8}.Debug|Any CPU.Build.0 = Debug|Any CPU
		{9A165D22-9355-496E-8FDE-CEF58C65E4A8}.Release|Any CPU.ActiveCfg = Release|Any CPU
		{9A165D22-9355-496E-8FDE-CEF58C65E4A8}.Release|Any CPU.Build.0 = Release|Any CPU
		{3E850716-0E8C-4EE4-A895-6AE7EAA8CA70}.Debug|Any CPU.ActiveCfg = Debug|Any CPU
		{3E850716-0E8C-4EE4-A895-6AE7EAA8CA70}.Debug|Any CPU.Build.0 = Debug|Any CPU
		{3E850716-0E8C-4EE4-A895-6AE7EAA8CA70}.Release|Any CPU.ActiveCfg = Release|Any CPU
		{3E850716-0E8C-4EE4-A895-6AE7EAA8CA70}.Release|Any CPU.Build.0 = Release|Any CPU
		{8DD44179-DA8A-4C97-ADEC-7F2623F34493}.Debug|Any CPU.ActiveCfg = Debug|Any CPU
		{8DD44179-DA8A-4C97-ADEC-7F2623F34493}.Debug|Any CPU.Build.0 = Debug|Any CPU
		{8DD44179-DA8A-4C97-ADEC-7F2623F34493}.Release|Any CPU.ActiveCfg = Release|Any CPU
		{8DD44179-DA8A-4C97-ADEC-7F2623F34493}.Release|Any CPU.Build.0 = Release|Any CPU
		{B6EBCE12-AD4F-4F76-9227-514C0916D2C1}.Debug|Any CPU.ActiveCfg = Debug|Any CPU
		{B6EBCE12-AD4F-4F76-9227-514C0916D2C1}.Debug|Any CPU.Build.0 = Debug|Any CPU
		{B6EBCE12-AD4F-4F76-9227-514C0916D2C1}.Release|Any CPU.ActiveCfg = Release|Any CPU
		{B6EBCE12-AD4F-4F76-9227-514C0916D2C1}.Release|Any CPU.Build.0 = Release|Any CPU
		{E41EC3A5-B937-48B4-9DDC-31AEAEFA5155}.Debug|Any CPU.ActiveCfg = Debug|Any CPU
		{E41EC3A5-B937-48B4-9DDC-31AEAEFA5155}.Debug|Any CPU.Build.0 = Debug|Any CPU
		{E41EC3A5-B937-48B4-9DDC-31AEAEFA5155}.Release|Any CPU.ActiveCfg = Release|Any CPU
		{E41EC3A5-B937-48B4-9DDC-31AEAEFA5155}.Release|Any CPU.Build.0 = Release|Any CPU
		{BCA9BA05-7FE3-44FB-8099-57EF576C3CC3}.Debug|Any CPU.ActiveCfg = Debug|Any CPU
		{BCA9BA05-7FE3-44FB-8099-57EF576C3CC3}.Debug|Any CPU.Build.0 = Debug|Any CPU
		{BCA9BA05-7FE3-44FB-8099-57EF576C3CC3}.Release|Any CPU.ActiveCfg = Release|Any CPU
		{BCA9BA05-7FE3-44FB-8099-57EF576C3CC3}.Release|Any CPU.Build.0 = Release|Any CPU
		{DF396596-6598-45CE-8D70-48A239A4C331}.Debug|Any CPU.ActiveCfg = Debug|Any CPU
		{DF396596-6598-45CE-8D70-48A239A4C331}.Debug|Any CPU.Build.0 = Debug|Any CPU
		{DF396596-6598-45CE-8D70-48A239A4C331}.Release|Any CPU.ActiveCfg = Release|Any CPU
		{DF396596-6598-45CE-8D70-48A239A4C331}.Release|Any CPU.Build.0 = Release|Any CPU
		{A041844A-4700-4DB7-AAF5-7AC9D4AAA97B}.Debug|Any CPU.ActiveCfg = Debug|Any CPU
		{A041844A-4700-4DB7-AAF5-7AC9D4AAA97B}.Debug|Any CPU.Build.0 = Debug|Any CPU
		{A041844A-4700-4DB7-AAF5-7AC9D4AAA97B}.Release|Any CPU.ActiveCfg = Release|Any CPU
		{A041844A-4700-4DB7-AAF5-7AC9D4AAA97B}.Release|Any CPU.Build.0 = Release|Any CPU
		{D6184413-3B67-4BB0-A770-E03D8791E2A9}.Debug|Any CPU.ActiveCfg = Debug|Any CPU
		{D6184413-3B67-4BB0-A770-E03D8791E2A9}.Debug|Any CPU.Build.0 = Debug|Any CPU
		{D6184413-3B67-4BB0-A770-E03D8791E2A9}.Release|Any CPU.ActiveCfg = Release|Any CPU
		{D6184413-3B67-4BB0-A770-E03D8791E2A9}.Release|Any CPU.Build.0 = Release|Any CPU
		{624B827C-9D10-4218-BB18-99014BEE63E3}.Debug|Any CPU.ActiveCfg = Debug|Any CPU
		{624B827C-9D10-4218-BB18-99014BEE63E3}.Debug|Any CPU.Build.0 = Debug|Any CPU
		{624B827C-9D10-4218-BB18-99014BEE63E3}.Release|Any CPU.ActiveCfg = Release|Any CPU
		{624B827C-9D10-4218-BB18-99014BEE63E3}.Release|Any CPU.Build.0 = Release|Any CPU
	EndGlobalSection
	GlobalSection(SolutionProperties) = preSolution
		HideSolutionNode = FALSE
	EndGlobalSection
	GlobalSection(NestedProjects) = preSolution
		{86276FC3-C99A-4E3E-8C90-D8B93876AD96} = {A20ED695-C38F-47CF-BCFF-DED481554BA9}
		{8BD4BA36-D3E5-4A80-B57D-8622241C7E69} = {A20ED695-C38F-47CF-BCFF-DED481554BA9}
		{AA4EF263-D8E5-44A0-BDFC-1E38B80324DA} = {7D3278E0-7570-41E7-8837-3AF1E551BD85}
		{6E795EF7-0078-45EC-B51D-FB1E5092FD2D} = {7D3278E0-7570-41E7-8837-3AF1E551BD85}
		{832C35F2-49F2-447F-B47F-BE50B60E4DCF} = {CA0DBDD3-0A5F-4ABD-96F2-52138E5AB006}
		{18DED3A2-0CA5-4683-99E1-6C7593708097} = {CA0DBDD3-0A5F-4ABD-96F2-52138E5AB006}
		{39E3EB5C-5408-4135-9C11-27157B887E57} = {F3CA9B9A-9D87-43CC-BCB8-AABAA4B3767F}
		{9A165D22-9355-496E-8FDE-CEF58C65E4A8} = {6847FD4C-FC4D-47A5-BCEE-9DA613ACA13E}
		{3E850716-0E8C-4EE4-A895-6AE7EAA8CA70} = {794C351E-8552-459E-B306-38D0D942AD6D}
		{8DD44179-DA8A-4C97-ADEC-7F2623F34493} = {794C351E-8552-459E-B306-38D0D942AD6D}
		{F3CA9B9A-9D87-43CC-BCB8-AABAA4B3767F} = {00DFC5AB-92D6-46A4-BBF4-05362D299BAF}
		{3B6460B1-04E7-471E-856F-7B37ECB23B32} = {00DFC5AB-92D6-46A4-BBF4-05362D299BAF}
		{B7461F83-2D6E-4863-A24E-8AC32EBFA062} = {00DFC5AB-92D6-46A4-BBF4-05362D299BAF}
		{B6EBCE12-AD4F-4F76-9227-514C0916D2C1} = {B7461F83-2D6E-4863-A24E-8AC32EBFA062}
		{E41EC3A5-B937-48B4-9DDC-31AEAEFA5155} = {6847FD4C-FC4D-47A5-BCEE-9DA613ACA13E}
		{361C9ADD-6EAF-4085-90B0-8F3DDEEE8AB2} = {00DFC5AB-92D6-46A4-BBF4-05362D299BAF}
		{BCA9BA05-7FE3-44FB-8099-57EF576C3CC3} = {361C9ADD-6EAF-4085-90B0-8F3DDEEE8AB2}
		{6847FD4C-FC4D-47A5-BCEE-9DA613ACA13E} = {3B6460B1-04E7-471E-856F-7B37ECB23B32}
		{BF61A2E6-1A98-46A6-A032-B00E9216E51A} = {3B6460B1-04E7-471E-856F-7B37ECB23B32}
		{DF396596-6598-45CE-8D70-48A239A4C331} = {BF61A2E6-1A98-46A6-A032-B00E9216E51A}
		{8C90BF6A-F0E2-4969-BBC4-99173B9CE105} = {00DFC5AB-92D6-46A4-BBF4-05362D299BAF}
		{A041844A-4700-4DB7-AAF5-7AC9D4AAA97B} = {8C90BF6A-F0E2-4969-BBC4-99173B9CE105}
		{D6184413-3B67-4BB0-A770-E03D8791E2A9} = {EC095999-A918-4CF9-A8F9-4916E94A38DB}
		{624B827C-9D10-4218-BB18-99014BEE63E3} = {0476CF5B-6F6D-4A57-A68F-CA27B0C7BD2A}
	EndGlobalSection
	GlobalSection(ExtensibilityGlobals) = postSolution
		SolutionGuid = {6675DF90-9FDF-460A-B8A1-B3DC80B0F33F}
	EndGlobalSection
EndGlobal
